<Solution>
  <Folder Name="/Behavioral/" />
  <Folder Name="/Crational/">
    <Project Path="Creational/Builder/Builder.csproj" Id="37c1d849-6779-4dae-9cd7-0ea6c7301288" />
    <Project Path="Creational/FactoryMethod/FactoryMethod.csproj" Id="530d28a5-b5a2-428f-aacd-9c26f41b39d1" />
    <Project Path="Creational/Prototype/Prototype.csproj" Id="cc3bb7ae-b3a7-4fd9-b235-503faffa95cc" />
    <Project Path="Creational/Singleton/Singleton.csproj" Id="52cfe9f8-b5fd-4ff8-a3c7-8dac367fb470" />
  </Folder>
  <Folder Name="/Structural/">
    <Project Path="Structural/AdapterPattern/AdapterPattern.csproj" Id="95de2bc8-ed38-48a8-8dd0-e309adb80933" />
    <Project Path="Structural/Decorator/Decorator.csproj" Id="4631a311-c037-4059-85fa-72e6a6a57cfb" />
  </Folder>
</Solution>
